
Microsoft Visual Studio Solution File, Format Version 12.00
# Visual Studio Version 17
VisualStudioVersion = 17.4.33213.308
MinimumVisualStudioVersion = 10.0.40219.1
Project("{9A19103F-16F7-4668-BE54-9A1E7A4F7556}") = "4.02 Class-of-Students", "4.02 Class-of-Students.csproj", "{F994B7D0-9BA4-453F-8688-9015F2C8695D}"
EndProject
Project("{9A19103F-16F7-4668-BE54-9A1E7A4F7556}") = "Кубик рубика", "..\Кубик рубика\Кубик рубика.csproj", "{092ABDB8-2B87-4AD9-9590-D1EB24328426}"
EndProject
Project("{9A19103F-16F7-4668-BE54-9A1E7A4F7556}") = "ConsoleApp1", "..\ConsoleApp1\ConsoleApp1.csproj", "{08A77BA2-1175-4FE9-B6F0-B6870CF356C5}"
EndProject
Global
	GlobalSection(SolutionConfigurationPlatforms) = preSolution
		Debug|Any CPU = Debug|Any CPU
		Release|Any CPU = Release|Any CPU
	EndGlobalSection
	GlobalSection(ProjectConfigurationPlatforms) = postSolution
		{F994B7D0-9BA4-453F-8688-9015F2C8695D}.Debug|Any CPU.ActiveCfg = Debug|Any CPU
		{F994B7D0-9BA4-453F-8688-9015F2C8695D}.Debug|Any CPU.Build.0 = Debug|Any CPU
		{F994B7D0-9BA4-453F-8688-9015F2C8695D}.Release|Any CPU.ActiveCfg = Release|Any CPU
		{F994B7D0-9BA4-453F-8688-9015F2C8695D}.Release|Any CPU.Build.0 = Release|Any CPU
		{092ABDB8-2B87-4AD9-9590-D1EB24328426}.Debug|Any CPU.ActiveCfg = Debug|Any CPU
		{092ABDB8-2B87-4AD9-9590-D1EB24328426}.Debug|Any CPU.Build.0 = Debug|Any CPU
		{092ABDB8-2B87-4AD9-9590-D1EB24328426}.Release|Any CPU.ActiveCfg = Release|Any CPU
		{092ABDB8-2B87-4AD9-9590-D1EB24328426}.Release|Any CPU.Build.0 = Release|Any CPU
		{08A77BA2-1175-4FE9-B6F0-B6870CF356C5}.Debug|Any CPU.ActiveCfg = Debug|Any CPU
		{08A77BA2-1175-4FE9-B6F0-B6870CF356C5}.Debug|Any CPU.Build.0 = Debug|Any CPU
		{08A77BA2-1175-4FE9-B6F0-B6870CF356C5}.Release|Any CPU.ActiveCfg = Release|Any CPU
		{08A77BA2-1175-4FE9-B6F0-B6870CF356C5}.Release|Any CPU.Build.0 = Release|Any CPU
	EndGlobalSection
	GlobalSection(SolutionProperties) = preSolution
		HideSolutionNode = FALSE
	EndGlobalSection
	GlobalSection(ExtensibilityGlobals) = postSolution
		SolutionGuid = {3371041D-9FB4-4C09-9F9B-AB08EFD20BCF}
	EndGlobalSection
EndGlobal
